
Microsoft Visual Studio Solution File, Format Version 12.00
# Visual Studio Version 17
VisualStudioVersion = 17.8.34309.116
MinimumVisualStudioVersion = 10.0.40219.1
Project("{9A19103F-16F7-4668-BE54-9A1E7A4F7556}") = "Test_k6_Api", "src\Test_k6_Api\Test_k6_Api.csproj", "{6CE065F6-E946-4989-8841-46DF80DFF155}"
EndProject
Project("{9A19103F-16F7-4668-BE54-9A1E7A4F7556}") = "Contracts", "..\ConsoleApp1\Contracts\Contracts.csproj", "{00F41583-85A2-45DD-B293-2A61AD0E2195}"
EndProject
Global
	GlobalSection(SolutionConfigurationPlatforms) = preSolution
		Debug|Any CPU = Debug|Any CPU
		Release|Any CPU = Release|Any CPU
	EndGlobalSection
	GlobalSection(ProjectConfigurationPlatforms) = postSolution
		{6CE065F6-E946-4989-8841-46DF80DFF155}.Debug|Any CPU.ActiveCfg = Debug|Any CPU
		{6CE065F6-E946-4989-8841-46DF80DFF155}.Debug|Any CPU.Build.0 = Debug|Any CPU
		{6CE065F6-E946-4989-8841-46DF80DFF155}.Release|Any CPU.ActiveCfg = Release|Any CPU
		{6CE065F6-E946-4989-8841-46DF80DFF155}.Release|Any CPU.Build.0 = Release|Any CPU
		{00F41583-85A2-45DD-B293-2A61AD0E2195}.Debug|Any CPU.ActiveCfg = Debug|Any CPU
		{00F41583-85A2-45DD-B293-2A61AD0E2195}.Debug|Any CPU.Build.0 = Debug|Any CPU
		{00F41583-85A2-45DD-B293-2A61AD0E2195}.Release|Any CPU.ActiveCfg = Release|Any CPU
		{00F41583-85A2-45DD-B293-2A61AD0E2195}.Release|Any CPU.Build.0 = Release|Any CPU
	EndGlobalSection
	GlobalSection(SolutionProperties) = preSolution
		HideSolutionNode = FALSE
	EndGlobalSection
	GlobalSection(ExtensibilityGlobals) = postSolution
		SolutionGuid = {B6B0E72F-DC48-4C33-AF14-6FEF0FAFF9D5}
	EndGlobalSection
EndGlobal
